
Microsoft Visual Studio Solution File, Format Version 12.00
# Visual Studio 15
VisualStudioVersion = 15.0.27130.2036
MinimumVisualStudioVersion = 10.0.40219.1
Project("{FAE04EC0-301F-11D3-BF4B-00C04F79EFBC}") = "Xrm.CI.Framework.Sample.Plugins", "Xrm.CI.Framework.Sample.Plugins\Xrm.CI.Framework.Sample.Plugins.csproj", "{CD7F2348-2EDB-47D6-A8FA-2F8833708537}"
EndProject
Project("{FAE04EC0-301F-11D3-BF4B-00C04F79EFBC}") = "Xrm.CI.Framework.Sample.WFActivities", "Xrm.CI.Framework.Sample.WFActivities\Xrm.CI.Framework.Sample.WFActivities.csproj", "{1852A527-8E86-4365-B49B-4C9731A8B670}"
EndProject
Project("{FAE04EC0-301F-11D3-BF4B-00C04F79EFBC}") = "Xrm.CI.Framework.Sample.WebResources", "Xrm.CI.Framework.Sample.WebResources\Xrm.CI.Framework.Sample.WebResources.csproj", "{71F9605A-A0C2-4FE1-A431-6009429CD61F}"
EndProject
Project("{FAE04EC0-301F-11D3-BF4B-00C04F79EFBC}") = "Xrm.CI.Framework.Sample.CRMPackage", "Xrm.CI.Framework.Sample.CRMPackage\Xrm.CI.Framework.Sample.CRMPackage.csproj", "{170C0103-3F94-4896-9062-6314167F596A}"
EndProject
Project("{FAE04EC0-301F-11D3-BF4B-00C04F79EFBC}") = "Xrm.CI.Framework.Sample.UIAutomation", "Xrm.CI.Framework.Sample.UIAutomation\Xrm.CI.Framework.Sample.UIAutomation.csproj", "{A1FBC8C1-0323-4AFE-AFB1-92608EC5465A}"
EndProject
Project("{FAE04EC0-301F-11D3-BF4B-00C04F79EFBC}") = "Xrm.CI.Framework.Sample.CI.Tools", "Xrm.CI.Framework.Sample.CI.Tools\Xrm.CI.Framework.Sample.CI.Tools.csproj", "{BD4DDE51-1D05-4802-AAC3-C204976AF3DA}"
EndProject
Global
	GlobalSection(SolutionConfigurationPlatforms) = preSolution
		Debug|Any CPU = Debug|Any CPU
		Release|Any CPU = Release|Any CPU
	EndGlobalSection
	GlobalSection(ProjectConfigurationPlatforms) = postSolution
		{CD7F2348-2EDB-47D6-A8FA-2F8833708537}.Debug|Any CPU.ActiveCfg = Debug|Any CPU
		{CD7F2348-2EDB-47D6-A8FA-2F8833708537}.Debug|Any CPU.Build.0 = Debug|Any CPU
		{CD7F2348-2EDB-47D6-A8FA-2F8833708537}.Release|Any CPU.ActiveCfg = Release|Any CPU
		{CD7F2348-2EDB-47D6-A8FA-2F8833708537}.Release|Any CPU.Build.0 = Release|Any CPU
		{1852A527-8E86-4365-B49B-4C9731A8B670}.Debug|Any CPU.ActiveCfg = Debug|Any CPU
		{1852A527-8E86-4365-B49B-4C9731A8B670}.Debug|Any CPU.Build.0 = Debug|Any CPU
		{1852A527-8E86-4365-B49B-4C9731A8B670}.Release|Any CPU.ActiveCfg = Release|Any CPU
		{1852A527-8E86-4365-B49B-4C9731A8B670}.Release|Any CPU.Build.0 = Release|Any CPU
		{71F9605A-A0C2-4FE1-A431-6009429CD61F}.Debug|Any CPU.ActiveCfg = Debug|Any CPU
		{71F9605A-A0C2-4FE1-A431-6009429CD61F}.Debug|Any CPU.Build.0 = Debug|Any CPU
		{71F9605A-A0C2-4FE1-A431-6009429CD61F}.Release|Any CPU.ActiveCfg = Release|Any CPU
		{71F9605A-A0C2-4FE1-A431-6009429CD61F}.Release|Any CPU.Build.0 = Release|Any CPU
		{170C0103-3F94-4896-9062-6314167F596A}.Debug|Any CPU.ActiveCfg = Debug|Any CPU
		{170C0103-3F94-4896-9062-6314167F596A}.Debug|Any CPU.Build.0 = Debug|Any CPU
		{170C0103-3F94-4896-9062-6314167F596A}.Release|Any CPU.ActiveCfg = Release|Any CPU
		{170C0103-3F94-4896-9062-6314167F596A}.Release|Any CPU.Build.0 = Release|Any CPU
		{A1FBC8C1-0323-4AFE-AFB1-92608EC5465A}.Debug|Any CPU.ActiveCfg = Debug|Any CPU
		{A1FBC8C1-0323-4AFE-AFB1-92608EC5465A}.Debug|Any CPU.Build.0 = Debug|Any CPU
		{A1FBC8C1-0323-4AFE-AFB1-92608EC5465A}.Release|Any CPU.ActiveCfg = Release|Any CPU
		{A1FBC8C1-0323-4AFE-AFB1-92608EC5465A}.Release|Any CPU.Build.0 = Release|Any CPU
		{BD4DDE51-1D05-4802-AAC3-C204976AF3DA}.Debug|Any CPU.ActiveCfg = Debug|Any CPU
		{BD4DDE51-1D05-4802-AAC3-C204976AF3DA}.Debug|Any CPU.Build.0 = Debug|Any CPU
		{BD4DDE51-1D05-4802-AAC3-C204976AF3DA}.Release|Any CPU.ActiveCfg = Release|Any CPU
		{BD4DDE51-1D05-4802-AAC3-C204976AF3DA}.Release|Any CPU.Build.0 = Release|Any CPU
	EndGlobalSection
	GlobalSection(SolutionProperties) = preSolution
		HideSolutionNode = FALSE
	EndGlobalSection
	GlobalSection(ExtensibilityGlobals) = postSolution
		SolutionGuid = {2C9C0DE4-1CBC-450B-AF5B-A8FB9440A206}
	EndGlobalSection
EndGlobal
